
Microsoft Visual Studio Solution File, Format Version 12.00
# Visual Studio 15
VisualStudioVersion = 15.0.27703.2035
MinimumVisualStudioVersion = 10.0.40219.1
Project("{FAE04EC0-301F-11D3-BF4B-00C04F79EFBC}") = "reactToDo", "reactToDo\reactToDo.csproj", "{C793BE6B-2046-40AD-A062-C9FE37594D2A}"
EndProject
Global
	GlobalSection(SolutionConfigurationPlatforms) = preSolution
		Debug|Any CPU = Debug|Any CPU
		Release|Any CPU = Release|Any CPU
	EndGlobalSection
	GlobalSection(ProjectConfigurationPlatforms) = postSolution
		{C793BE6B-2046-40AD-A062-C9FE37594D2A}.Debug|Any CPU.ActiveCfg = Debug|Any CPU
		{C793BE6B-2046-40AD-A062-C9FE37594D2A}.Debug|Any CPU.Build.0 = Debug|Any CPU
		{C793BE6B-2046-40AD-A062-C9FE37594D2A}.Release|Any CPU.ActiveCfg = Release|Any CPU
		{C793BE6B-2046-40AD-A062-C9FE37594D2A}.Release|Any CPU.Build.0 = Release|Any CPU
	EndGlobalSection
	GlobalSection(SolutionProperties) = preSolution
		HideSolutionNode = FALSE
	EndGlobalSection
	GlobalSection(ExtensibilityGlobals) = postSolution
		SolutionGuid = {11CC08D5-6A1E-44D2-A012-D1EED149C746}
	EndGlobalSection
EndGlobal
